
Microsoft Visual Studio Solution File, Format Version 12.00
# Visual Studio Version 17
VisualStudioVersion = 17.2.32519.379
MinimumVisualStudioVersion = 10.0.40219.1
Project("{9A19103F-16F7-4668-BE54-9A1E7A4F7556}") = "APIOData.API", "APIOData.API\APIOData.API.csproj", "{83D6BFF2-CDCE-4CFC-8F07-1B88B62A600F}"
EndProject
Project("{FAE04EC0-301F-11D3-BF4B-00C04F79EFBC}") = "ODataConsoleApp", "ODataConsoleApp\ODataConsoleApp.csproj", "{FEDBF411-6A48-4882-9978-B880A18E5A41}"
EndProject
Global
	GlobalSection(SolutionConfigurationPlatforms) = preSolution
		Debug|Any CPU = Debug|Any CPU
		Release|Any CPU = Release|Any CPU
	EndGlobalSection
	GlobalSection(ProjectConfigurationPlatforms) = postSolution
		{83D6BFF2-CDCE-4CFC-8F07-1B88B62A600F}.Debug|Any CPU.ActiveCfg = Debug|Any CPU
		{83D6BFF2-CDCE-4CFC-8F07-1B88B62A600F}.Debug|Any CPU.Build.0 = Debug|Any CPU
		{83D6BFF2-CDCE-4CFC-8F07-1B88B62A600F}.Release|Any CPU.ActiveCfg = Release|Any CPU
		{83D6BFF2-CDCE-4CFC-8F07-1B88B62A600F}.Release|Any CPU.Build.0 = Release|Any CPU
		{FEDBF411-6A48-4882-9978-B880A18E5A41}.Debug|Any CPU.ActiveCfg = Debug|Any CPU
		{FEDBF411-6A48-4882-9978-B880A18E5A41}.Debug|Any CPU.Build.0 = Debug|Any CPU
		{FEDBF411-6A48-4882-9978-B880A18E5A41}.Release|Any CPU.ActiveCfg = Release|Any CPU
		{FEDBF411-6A48-4882-9978-B880A18E5A41}.Release|Any CPU.Build.0 = Release|Any CPU
	EndGlobalSection
	GlobalSection(SolutionProperties) = preSolution
		HideSolutionNode = FALSE
	EndGlobalSection
	GlobalSection(ExtensibilityGlobals) = postSolution
		SolutionGuid = {CB9ABC35-BBBD-4184-812B-345185A30EFC}
	EndGlobalSection
EndGlobal
